// !$*UTF8*$!
{
	archiveVersion = 1;
	classes = {
	};
	objectVersion = 46;
	objects = {

/* Begin PBXBuildFile section */
		D3258579198482FF00C05A72 /* InfoPlist.strings in Resources */ = {isa = PBXBuildFile; fileRef = D3258577198482FF00C05A72 /* InfoPlist.strings */; };
		D325857C198482FF00C05A72 /* AtherosE2200Ethernet.cpp in Sources */ = {isa = PBXBuildFile; fileRef = D325857B198482FF00C05A72 /* AtherosE2200Ethernet.cpp */; };
		D325859119848CCA00C05A72 /* hw.h in Headers */ = {isa = PBXBuildFile; fileRef = D325858E19848CCA00C05A72 /* hw.h */; };
		D325859219848CCA00C05A72 /* reg.h in Headers */ = {isa = PBXBuildFile; fileRef = D325858F19848CCA00C05A72 /* reg.h */; };
		D3258594198492CD00C05A72 /* hw.cpp in Sources */ = {isa = PBXBuildFile; fileRef = D3258593198492CD00C05A72 /* hw.cpp */; };
		D3B795B11ABE590400CE2796 /* hw.cpp in Sources */ = {isa = PBXBuildFile; fileRef = D3258593198492CD00C05A72 /* hw.cpp */; };
		D3B795B21ABE590400CE2796 /* AtherosE2200Ethernet.cpp in Sources */ = {isa = PBXBuildFile; fileRef = D325857B198482FF00C05A72 /* AtherosE2200Ethernet.cpp */; };
		D3B795B51ABE590400CE2796 /* hw.h in Headers */ = {isa = PBXBuildFile; fileRef = D325858E19848CCA00C05A72 /* hw.h */; };
		D3B795B61ABE590400CE2796 /* reg.h in Headers */ = {isa = PBXBuildFile; fileRef = D325858F19848CCA00C05A72 /* reg.h */; };
		D3B795B81ABE590400CE2796 /* InfoPlist.strings in Resources */ = {isa = PBXBuildFile; fileRef = D3258577198482FF00C05A72 /* InfoPlist.strings */; };
/* End PBXBuildFile section */

/* Begin PBXFileReference section */
		D325856F198482FF00C05A72 /* AtherosE2200Ethernet.kext */ = {isa = PBXFileReference; explicitFileType = wrapper.cfbundle; includeInIndex = 0; path = AtherosE2200Ethernet.kext; sourceTree = BUILT_PRODUCTS_DIR; };
		D3258573198482FF00C05A72 /* Kernel.framework */ = {isa = PBXFileReference; lastKnownFileType = wrapper.framework; name = Kernel.framework; path = System/Library/Frameworks/Kernel.framework; sourceTree = SDKROOT; };
		D3258576198482FF00C05A72 /* AtherosE2200Ethernet-Info.plist */ = {isa = PBXFileReference; lastKnownFileType = text.plist.xml; path = "AtherosE2200Ethernet-Info.plist"; sourceTree = "<group>"; };
		D3258578198482FF00C05A72 /* en */ = {isa = PBXFileReference; lastKnownFileType = text.plist.strings; name = en; path = en.lproj/InfoPlist.strings; sourceTree = "<group>"; };
		D325857A198482FF00C05A72 /* AtherosE2200Ethernet.h */ = {isa = PBXFileReference; lastKnownFileType = sourcecode.c.h; path = AtherosE2200Ethernet.h; sourceTree = "<group>"; };
		D325857B198482FF00C05A72 /* AtherosE2200Ethernet.cpp */ = {isa = PBXFileReference; lastKnownFileType = sourcecode.cpp.cpp; path = AtherosE2200Ethernet.cpp; sourceTree = "<group>"; };
		D325857D198482FF00C05A72 /* AtherosE2200Ethernet-Prefix.pch */ = {isa = PBXFileReference; lastKnownFileType = sourcecode.c.h; path = "AtherosE2200Ethernet-Prefix.pch"; sourceTree = "<group>"; };
		D32585831984866F00C05A72 /* linux.h */ = {isa = PBXFileReference; fileEncoding = 4; lastKnownFileType = sourcecode.c.h; path = linux.h; sourceTree = "<group>"; };
		D32585871984866F00C05A72 /* gpl.txt */ = {isa = PBXFileReference; fileEncoding = 4; lastKnownFileType = text; path = gpl.txt; sourceTree = "<group>"; };
		D325858E19848CCA00C05A72 /* hw.h */ = {isa = PBXFileReference; fileEncoding = 4; lastKnownFileType = sourcecode.c.h; path = hw.h; sourceTree = "<group>"; };
		D325858F19848CCA00C05A72 /* reg.h */ = {isa = PBXFileReference; fileEncoding = 4; lastKnownFileType = sourcecode.c.h; path = reg.h; sourceTree = "<group>"; };
		D3258593198492CD00C05A72 /* hw.cpp */ = {isa = PBXFileReference; fileEncoding = 4; lastKnownFileType = sourcecode.cpp.cpp; path = hw.cpp; sourceTree = "<group>"; };
		D32A206C19861FF300E64285 /* mdio.h */ = {isa = PBXFileReference; lastKnownFileType = sourcecode.c.h; path = mdio.h; sourceTree = "<group>"; };
		D32A206D1986203D00E64285 /* mii.h */ = {isa = PBXFileReference; lastKnownFileType = sourcecode.c.h; path = mii.h; sourceTree = "<group>"; };
		D32A206E198620FF00E64285 /* uapi-mdio.h */ = {isa = PBXFileReference; lastKnownFileType = sourcecode.c.h; path = "uapi-mdio.h"; sourceTree = "<group>"; };
		D32A206F198621C500E64285 /* uapi-mii.h */ = {isa = PBXFileReference; lastKnownFileType = sourcecode.c.h; path = "uapi-mii.h"; sourceTree = "<group>"; };
		D32A20701986226500E64285 /* uapi-ethtool.h */ = {isa = PBXFileReference; lastKnownFileType = sourcecode.c.h; path = "uapi-ethtool.h"; sourceTree = "<group>"; };
		D32A20711986230A00E64285 /* if_ether.h */ = {isa = PBXFileReference; lastKnownFileType = sourcecode.c.h; path = if_ether.h; sourceTree = "<group>"; };
		D32A20721986236A00E64285 /* ethtool.h */ = {isa = PBXFileReference; lastKnownFileType = sourcecode.c.h; path = ethtool.h; sourceTree = "<group>"; };
		D34D36C81AD2F79F00EEEC08 /* APPLE_LICENSE */ = {isa = PBXFileReference; lastKnownFileType = text; path = APPLE_LICENSE; sourceTree = "<group>"; };
		D3581701198FB4D2009096B2 /* uapi-ip.h */ = {isa = PBXFileReference; lastKnownFileType = sourcecode.c.h; path = "uapi-ip.h"; sourceTree = "<group>"; };
		D3B795AD1ABE58DE00CE2796 /* IONetworkController.h */ = {isa = PBXFileReference; lastKnownFileType = sourcecode.c.h; path = IONetworkController.h; sourceTree = "<group>"; };
		D3B795AE1ABE58DE00CE2796 /* IONetworkInterface.h */ = {isa = PBXFileReference; lastKnownFileType = sourcecode.c.h; path = IONetworkInterface.h; sourceTree = "<group>"; };
		D3B795BD1ABE590400CE2796 /* AtherosE2200Ethernet.kext */ = {isa = PBXFileReference; explicitFileType = wrapper.cfbundle; includeInIndex = 0; path = AtherosE2200Ethernet.kext; sourceTree = BUILT_PRODUCTS_DIR; };
		D3B795BF1ABE598F00CE2796 /* AtherosE2200EthernetV2-Prefix.pch */ = {isa = PBXFileReference; lastKnownFileType = sourcecode.c.h; path = "AtherosE2200EthernetV2-Prefix.pch"; sourceTree = "<group>"; };
/* End PBXFileReference section */

/* Begin PBXFrameworksBuildPhase section */
		D325856A198482FF00C05A72 /* Frameworks */ = {
			isa = PBXFrameworksBuildPhase;
			buildActionMask = 2147483647;
			files = (
			);
			runOnlyForDeploymentPostprocessing = 0;
		};
		D3B795B31ABE590400CE2796 /* Frameworks */ = {
			isa = PBXFrameworksBuildPhase;
			buildActionMask = 2147483647;
			files = (
			);
			runOnlyForDeploymentPostprocessing = 0;
		};
/* End PBXFrameworksBuildPhase section */

/* Begin PBXGroup section */
		D3258564198482FF00C05A72 = {
			isa = PBXGroup;
			children = (
				D3258574198482FF00C05A72 /* AtherosE2200Ethernet */,
				D3258571198482FF00C05A72 /* Frameworks */,
				D3258570198482FF00C05A72 /* Products */,
			);
			sourceTree = "<group>";
		};
		D3258570198482FF00C05A72 /* Products */ = {
			isa = PBXGroup;
			children = (
				D325856F198482FF00C05A72 /* AtherosE2200Ethernet.kext */,
				D3B795BD1ABE590400CE2796 /* AtherosE2200Ethernet.kext */,
			);
			name = Products;
			sourceTree = "<group>";
		};
		D3258571198482FF00C05A72 /* Frameworks */ = {
			isa = PBXGroup;
			children = (
				D3258572198482FF00C05A72 /* Other Frameworks */,
			);
			name = Frameworks;
			sourceTree = "<group>";
		};
		D3258572198482FF00C05A72 /* Other Frameworks */ = {
			isa = PBXGroup;
			children = (
				D3258573198482FF00C05A72 /* Kernel.framework */,
			);
			name = "Other Frameworks";
			sourceTree = "<group>";
		};
		D3258574198482FF00C05A72 /* AtherosE2200Ethernet */ = {
			isa = PBXGroup;
			children = (
				D325857A198482FF00C05A72 /* AtherosE2200Ethernet.h */,
				D325857B198482FF00C05A72 /* AtherosE2200Ethernet.cpp */,
				D32585991984E49D00C05A72 /* ALX */,
				D325859A1984E4CD00C05A72 /* Linux compatibility */,
				D32585871984866F00C05A72 /* gpl.txt */,
				D34D36C81AD2F79F00EEEC08 /* APPLE_LICENSE */,
				D3B795AC1ABE58CA00CE2796 /* Apple Headers */,
				D3258575198482FF00C05A72 /* Supporting Files */,
			);
			path = AtherosE2200Ethernet;
			sourceTree = "<group>";
		};
		D3258575198482FF00C05A72 /* Supporting Files */ = {
			isa = PBXGroup;
			children = (
				D3258576198482FF00C05A72 /* AtherosE2200Ethernet-Info.plist */,
				D3258577198482FF00C05A72 /* InfoPlist.strings */,
				D325857D198482FF00C05A72 /* AtherosE2200Ethernet-Prefix.pch */,
				D3B795BF1ABE598F00CE2796 /* AtherosE2200EthernetV2-Prefix.pch */,
			);
			name = "Supporting Files";
			sourceTree = "<group>";
		};
		D32585991984E49D00C05A72 /* ALX */ = {
			isa = PBXGroup;
			children = (
				D325858E19848CCA00C05A72 /* hw.h */,
				D325858F19848CCA00C05A72 /* reg.h */,
				D3258593198492CD00C05A72 /* hw.cpp */,
			);
			name = ALX;
			sourceTree = "<group>";
		};
		D325859A1984E4CD00C05A72 /* Linux compatibility */ = {
			isa = PBXGroup;
			children = (
				D32585831984866F00C05A72 /* linux.h */,
				D32A20721986236A00E64285 /* ethtool.h */,
				D32A20711986230A00E64285 /* if_ether.h */,
				D32A206C19861FF300E64285 /* mdio.h */,
				D32A206D1986203D00E64285 /* mii.h */,
				D32A20701986226500E64285 /* uapi-ethtool.h */,
				D32A206E198620FF00E64285 /* uapi-mdio.h */,
				D32A206F198621C500E64285 /* uapi-mii.h */,
				D3581701198FB4D2009096B2 /* uapi-ip.h */,
			);
			name = "Linux compatibility";
			sourceTree = "<group>";
		};
		D3B795AC1ABE58CA00CE2796 /* Apple Headers */ = {
			isa = PBXGroup;
			children = (
				D3B795AD1ABE58DE00CE2796 /* IONetworkController.h */,
				D3B795AE1ABE58DE00CE2796 /* IONetworkInterface.h */,
			);
			name = "Apple Headers";
			sourceTree = "<group>";
		};
/* End PBXGroup section */

/* Begin PBXHeadersBuildPhase section */
		D325856B198482FF00C05A72 /* Headers */ = {
			isa = PBXHeadersBuildPhase;
			buildActionMask = 2147483647;
			files = (
				D325859119848CCA00C05A72 /* hw.h in Headers */,
				D325859219848CCA00C05A72 /* reg.h in Headers */,
			);
			runOnlyForDeploymentPostprocessing = 0;
		};
		D3B795B41ABE590400CE2796 /* Headers */ = {
			isa = PBXHeadersBuildPhase;
			buildActionMask = 2147483647;
			files = (
				D3B795B51ABE590400CE2796 /* hw.h in Headers */,
				D3B795B61ABE590400CE2796 /* reg.h in Headers */,
			);
			runOnlyForDeploymentPostprocessing = 0;
		};
/* End PBXHeadersBuildPhase section */

/* Begin PBXNativeTarget section */
		D325856E198482FF00C05A72 /* AtherosE2200Ethernet */ = {
			isa = PBXNativeTarget;
			buildConfigurationList = D3258580198482FF00C05A72 /* Build configuration list for PBXNativeTarget "AtherosE2200Ethernet" */;
			buildPhases = (
				D3258569198482FF00C05A72 /* Sources */,
				D325856A198482FF00C05A72 /* Frameworks */,
				D325856B198482FF00C05A72 /* Headers */,
				D325856C198482FF00C05A72 /* Resources */,
				D325856D198482FF00C05A72 /* Rez */,
			);
			buildRules = (
			);
			dependencies = (
			);
			name = AtherosE2200Ethernet;
			productName = AtherosE2200Ethernet;
			productReference = D325856F198482FF00C05A72 /* AtherosE2200Ethernet.kext */;
			productType = "com.apple.product-type.kernel-extension";
		};
		D3B795AF1ABE590400CE2796 /* AtherosE2200EthernetV2 */ = {
			isa = PBXNativeTarget;
			buildConfigurationList = D3B795BA1ABE590400CE2796 /* Build configuration list for PBXNativeTarget "AtherosE2200EthernetV2" */;
			buildPhases = (
				D3B795B01ABE590400CE2796 /* Sources */,
				D3B795B31ABE590400CE2796 /* Frameworks */,
				D3B795B41ABE590400CE2796 /* Headers */,
				D3B795B71ABE590400CE2796 /* Resources */,
				D3B795B91ABE590400CE2796 /* Rez */,
			);
			buildRules = (
			);
			dependencies = (
			);
			name = AtherosE2200EthernetV2;
			productName = AtherosE2200Ethernet;
			productReference = D3B795BD1ABE590400CE2796 /* AtherosE2200Ethernet.kext */;
			productType = "com.apple.product-type.kernel-extension";
		};
/* End PBXNativeTarget section */

/* Begin PBXProject section */
		D3258565198482FF00C05A72 /* Project object */ = {
			isa = PBXProject;
			attributes = {
				LastUpgradeCheck = 0720;
				ORGANIZATIONNAME = "Laura Müller";
			};
			buildConfigurationList = D3258568198482FF00C05A72 /* Build configuration list for PBXProject "AtherosE2200Ethernet" */;
			compatibilityVersion = "Xcode 3.2";
			developmentRegion = English;
			hasScannedForEncodings = 0;
			knownRegions = (
				en,
			);
			mainGroup = D3258564198482FF00C05A72;
			productRefGroup = D3258570198482FF00C05A72 /* Products */;
			projectDirPath = "";
			projectRoot = "";
			targets = (
				D325856E198482FF00C05A72 /* AtherosE2200Ethernet */,
				D3B795AF1ABE590400CE2796 /* AtherosE2200EthernetV2 */,
			);
		};
/* End PBXProject section */

/* Begin PBXResourcesBuildPhase section */
		D325856C198482FF00C05A72 /* Resources */ = {
			isa = PBXResourcesBuildPhase;
			buildActionMask = 2147483647;
			files = (
				D3258579198482FF00C05A72 /* InfoPlist.strings in Resources */,
			);
			runOnlyForDeploymentPostprocessing = 0;
		};
		D3B795B71ABE590400CE2796 /* Resources */ = {
			isa = PBXResourcesBuildPhase;
			buildActionMask = 2147483647;
			files = (
				D3B795B81ABE590400CE2796 /* InfoPlist.strings in Resources */,
			);
			runOnlyForDeploymentPostprocessing = 0;
		};
/* End PBXResourcesBuildPhase section */

/* Begin PBXRezBuildPhase section */
		D325856D198482FF00C05A72 /* Rez */ = {
			isa = PBXRezBuildPhase;
			buildActionMask = 2147483647;
			files = (
			);
			runOnlyForDeploymentPostprocessing = 0;
		};
		D3B795B91ABE590400CE2796 /* Rez */ = {
			isa = PBXRezBuildPhase;
			buildActionMask = 2147483647;
			files = (
			);
			runOnlyForDeploymentPostprocessing = 0;
		};
/* End PBXRezBuildPhase section */

/* Begin PBXSourcesBuildPhase section */
		D3258569198482FF00C05A72 /* Sources */ = {
			isa = PBXSourcesBuildPhase;
			buildActionMask = 2147483647;
			files = (
				D3258594198492CD00C05A72 /* hw.cpp in Sources */,
				D325857C198482FF00C05A72 /* AtherosE2200Ethernet.cpp in Sources */,
			);
			runOnlyForDeploymentPostprocessing = 0;
		};
		D3B795B01ABE590400CE2796 /* Sources */ = {
			isa = PBXSourcesBuildPhase;
			buildActionMask = 2147483647;
			files = (
				D3B795B11ABE590400CE2796 /* hw.cpp in Sources */,
				D3B795B21ABE590400CE2796 /* AtherosE2200Ethernet.cpp in Sources */,
			);
			runOnlyForDeploymentPostprocessing = 0;
		};
/* End PBXSourcesBuildPhase section */

/* Begin PBXVariantGroup section */
		D3258577198482FF00C05A72 /* InfoPlist.strings */ = {
			isa = PBXVariantGroup;
			children = (
				D3258578198482FF00C05A72 /* en */,
			);
			name = InfoPlist.strings;
			sourceTree = "<group>";
		};
/* End PBXVariantGroup section */

/* Begin XCBuildConfiguration section */
		D325857E198482FF00C05A72 /* Debug */ = {
			isa = XCBuildConfiguration;
			buildSettings = {
				ALWAYS_SEARCH_USER_PATHS = NO;
				CLANG_CXX_LANGUAGE_STANDARD = "c++98";
				CLANG_CXX_LIBRARY = "libc++";
				CLANG_ENABLE_MODULES = YES;
				CLANG_ENABLE_OBJC_ARC = YES;
				CLANG_WARN_BOOL_CONVERSION = YES;
				CLANG_WARN_CONSTANT_CONVERSION = YES;
				CLANG_WARN_DIRECT_OBJC_ISA_USAGE = YES_ERROR;
				CLANG_WARN_EMPTY_BODY = YES;
				CLANG_WARN_ENUM_CONVERSION = YES;
				CLANG_WARN_INT_CONVERSION = YES;
				CLANG_WARN_OBJC_ROOT_CLASS = YES_ERROR;
				CLANG_WARN__DUPLICATE_METHOD_MATCH = YES;
				COPY_PHASE_STRIP = NO;
				ENABLE_TESTABILITY = YES;
				GCC_C_LANGUAGE_STANDARD = gnu99;
				GCC_DYNAMIC_NO_PIC = NO;
				GCC_ENABLE_OBJC_EXCEPTIONS = YES;
				GCC_OPTIMIZATION_LEVEL = 0;
				GCC_PRECOMPILE_PREFIX_HEADER = YES;
				GCC_PREPROCESSOR_DEFINITIONS = (
					"DEBUG=1",
					"$(inherited)",
				);
				GCC_SYMBOLS_PRIVATE_EXTERN = NO;
				GCC_WARN_64_TO_32_BIT_CONVERSION = YES;
				GCC_WARN_ABOUT_DEPRECATED_FUNCTIONS = YES;
				GCC_WARN_ABOUT_RETURN_TYPE = YES_ERROR;
				GCC_WARN_HIDDEN_VIRTUAL_FUNCTIONS = NO;
				GCC_WARN_UNDECLARED_SELECTOR = YES;
				GCC_WARN_UNINITIALIZED_AUTOS = YES_AGGRESSIVE;
				GCC_WARN_UNUSED_FUNCTION = YES;
				GCC_WARN_UNUSED_VARIABLE = YES;
				MACOSX_DEPLOYMENT_TARGET = 10.11;
				ONLY_ACTIVE_ARCH = YES;
				SDKROOT = macosx;
			};
			name = Debug;
		};
		D325857F198482FF00C05A72 /* Release */ = {
			isa = XCBuildConfiguration;
			buildSettings = {
				ALWAYS_SEARCH_USER_PATHS = NO;
				CLANG_CXX_LANGUAGE_STANDARD = "c++98";
				CLANG_CXX_LIBRARY = "libc++";
				CLANG_ENABLE_MODULES = YES;
				CLANG_ENABLE_OBJC_ARC = YES;
				CLANG_WARN_BOOL_CONVERSION = YES;
				CLANG_WARN_CONSTANT_CONVERSION = YES;
				CLANG_WARN_DIRECT_OBJC_ISA_USAGE = YES_ERROR;
				CLANG_WARN_EMPTY_BODY = YES;
				CLANG_WARN_ENUM_CONVERSION = YES;
				CLANG_WARN_INT_CONVERSION = YES;
				CLANG_WARN_OBJC_ROOT_CLASS = YES_ERROR;
				CLANG_WARN__DUPLICATE_METHOD_MATCH = YES;
				COPY_PHASE_STRIP = YES;
				DEBUG_INFORMATION_FORMAT = "dwarf-with-dsym";
				ENABLE_NS_ASSERTIONS = NO;
				GCC_C_LANGUAGE_STANDARD = gnu99;
				GCC_ENABLE_OBJC_EXCEPTIONS = YES;
				GCC_PRECOMPILE_PREFIX_HEADER = YES;
				GCC_WARN_64_TO_32_BIT_CONVERSION = YES;
				GCC_WARN_ABOUT_DEPRECATED_FUNCTIONS = YES;
				GCC_WARN_ABOUT_RETURN_TYPE = YES_ERROR;
				GCC_WARN_HIDDEN_VIRTUAL_FUNCTIONS = NO;
				GCC_WARN_UNDECLARED_SELECTOR = YES;
				GCC_WARN_UNINITIALIZED_AUTOS = YES_AGGRESSIVE;
				GCC_WARN_UNUSED_FUNCTION = YES;
				GCC_WARN_UNUSED_VARIABLE = YES;
				MACOSX_DEPLOYMENT_TARGET = 10.11;
				SDKROOT = macosx;
			};
			name = Release;
		};
		D3258581198482FF00C05A72 /* Debug */ = {
			isa = XCBuildConfiguration;
			buildSettings = {
				COMBINE_HIDPI_IMAGES = YES;
				CURRENT_PROJECT_VERSION = $MODULE_VERSION;
				GCC_PRECOMPILE_PREFIX_HEADER = YES;
				GCC_PREFIX_HEADER = "AtherosE2200Ethernet/AtherosE2200Ethernet-Prefix.pch";
				GCC_WARN_ABOUT_DEPRECATED_FUNCTIONS = YES;
				INFOPLIST_FILE = "AtherosE2200Ethernet/AtherosE2200Ethernet-Info.plist";
				MACOSX_DEPLOYMENT_TARGET = 10.11;
				MODULE_NAME = com.insanelymac.AtherosE2200Ethernet;
				MODULE_VERSION = 1.1.1;
				PRODUCT_BUNDLE_IDENTIFIER = "com.insanelymac.${PRODUCT_NAME:rfc1034identifier}";
				PRODUCT_NAME = "$(TARGET_NAME)";
				SDKROOT = macosx;
				WRAPPER_EXTENSION = kext;
			};
			name = Debug;
		};
		D3258582198482FF00C05A72 /* Release */ = {
			isa = XCBuildConfiguration;
			buildSettings = {
				COMBINE_HIDPI_IMAGES = YES;
				CURRENT_PROJECT_VERSION = $MODULE_VERSION;
				GCC_PRECOMPILE_PREFIX_HEADER = YES;
				GCC_PREFIX_HEADER = "AtherosE2200Ethernet/AtherosE2200Ethernet-Prefix.pch";
				GCC_WARN_ABOUT_DEPRECATED_FUNCTIONS = YES;
				INFOPLIST_FILE = "AtherosE2200Ethernet/AtherosE2200Ethernet-Info.plist";
				MACOSX_DEPLOYMENT_TARGET = 10.11;
				MODULE_NAME = com.insanelymac.AtherosE2200Ethernet;
				MODULE_VERSION = 1.1.1;
				PRODUCT_BUNDLE_IDENTIFIER = "com.insanelymac.${PRODUCT_NAME:rfc1034identifier}";
				PRODUCT_NAME = "$(TARGET_NAME)";
				SDKROOT = macosx;
				WRAPPER_EXTENSION = kext;
			};
			name = Release;
		};
		D3B795BB1ABE590400CE2796 /* Debug */ = {
			isa = XCBuildConfiguration;
			buildSettings = {
				COMBINE_HIDPI_IMAGES = YES;
				CURRENT_PROJECT_VERSION = $MODULE_VERSION;
				GCC_PRECOMPILE_PREFIX_HEADER = YES;
				GCC_PREFIX_HEADER = "AtherosE2200Ethernet/AtherosE2200EthernetV2-Prefix.pch";
				GCC_WARN_ABOUT_DEPRECATED_FUNCTIONS = YES;
				INFOPLIST_FILE = "AtherosE2200Ethernet/AtherosE2200Ethernet-Info.plist";
				MACOSX_DEPLOYMENT_TARGET = 10.11;
				MODULE_NAME = com.insanelymac.AtherosE2200Ethernet;
				MODULE_VERSION = 2.2.0d0;
				PRODUCT_BUNDLE_IDENTIFIER = "com.insanelymac.${PRODUCT_NAME:rfc1034identifier}";
				PRODUCT_NAME = AtherosE2200Ethernet;
				SDKROOT = macosx;
				WRAPPER_EXTENSION = kext;
			};
			name = Debug;
		};
		D3B795BC1ABE590400CE2796 /* Release */ = {
			isa = XCBuildConfiguration;
			buildSettings = {
				COMBINE_HIDPI_IMAGES = YES;
				CURRENT_PROJECT_VERSION = $MODULE_VERSION;
				GCC_PRECOMPILE_PREFIX_HEADER = YES;
				GCC_PREFIX_HEADER = "AtherosE2200Ethernet/AtherosE2200EthernetV2-Prefix.pch";
				GCC_WARN_ABOUT_DEPRECATED_FUNCTIONS = YES;
				INFOPLIST_FILE = "AtherosE2200Ethernet/AtherosE2200Ethernet-Info.plist";
				MACOSX_DEPLOYMENT_TARGET = 10.11;
				MODULE_NAME = com.insanelymac.AtherosE2200Ethernet;
				MODULE_VERSION = 2.2.0d0;
				PRODUCT_BUNDLE_IDENTIFIER = "com.insanelymac.${PRODUCT_NAME:rfc1034identifier}";
				PRODUCT_NAME = AtherosE2200Ethernet;
				SDKROOT = macosx;
				WRAPPER_EXTENSION = kext;
			};
			name = Release;
		};
/* End XCBuildConfiguration section */

/* Begin XCConfigurationList section */
		D3258568198482FF00C05A72 /* Build configuration list for PBXProject "AtherosE2200Ethernet" */ = {
			isa = XCConfigurationList;
			buildConfigurations = (
				D325857E198482FF00C05A72 /* Debug */,
				D325857F198482FF00C05A72 /* Release */,
			);
			defaultConfigurationIsVisible = 0;
			defaultConfigurationName = Release;
		};
		D3258580198482FF00C05A72 /* Build configuration list for PBXNativeTarget "AtherosE2200Ethernet" */ = {
			isa = XCConfigurationList;
			buildConfigurations = (
				D3258581198482FF00C05A72 /* Debug */,
				D3258582198482FF00C05A72 /* Release */,
			);
			defaultConfigurationIsVisible = 0;
			defaultConfigurationName = Release;
		};
		D3B795BA1ABE590400CE2796 /* Build configuration list for PBXNativeTarget "AtherosE2200EthernetV2" */ = {
			isa = XCConfigurationList;
			buildConfigurations = (
				D3B795BB1ABE590400CE2796 /* Debug */,
				D3B795BC1ABE590400CE2796 /* Release */,
			);
			defaultConfigurationIsVisible = 0;
			defaultConfigurationName = Release;
		};
/* End XCConfigurationList section */
	};
	rootObject = D3258565198482FF00C05A72 /* Project object */;
}
